// !$*UTF8*$!
{
	archiveVersion = 1;
	classes = {
	};
	objectVersion = 48;
	objects = {

/* Begin PBXBuildFile section */
		552779B320437AC60026D1C1 /* bottom.jpg in CopyFiles */ = {isa = PBXBuildFile; fileRef = 552779AD20437AC50026D1C1 /* bottom.jpg */; };
		552779B420437AC60026D1C1 /* back.jpg in CopyFiles */ = {isa = PBXBuildFile; fileRef = 552779AE20437AC50026D1C1 /* back.jpg */; };
		552779B520437AC60026D1C1 /* top.jpg in CopyFiles */ = {isa = PBXBuildFile; fileRef = 552779AF20437AC50026D1C1 /* top.jpg */; };
		552779B620437AC60026D1C1 /* left.jpg in CopyFiles */ = {isa = PBXBuildFile; fileRef = 552779B020437AC60026D1C1 /* left.jpg */; };
		552779B720437AC60026D1C1 /* front.jpg in CopyFiles */ = {isa = PBXBuildFile; fileRef = 552779B120437AC60026D1C1 /* front.jpg */; };
		552779B820437AC60026D1C1 /* right.jpg in CopyFiles */ = {isa = PBXBuildFile; fileRef = 552779B220437AC60026D1C1 /* right.jpg */; };
		552779BA20437AF20026D1C1 /* Window.cpp in Sources */ = {isa = PBXBuildFile; fileRef = 552779B920437AF20026D1C1 /* Window.cpp */; };
		552779BD20437D5E0026D1C1 /* Node.cpp in Sources */ = {isa = PBXBuildFile; fileRef = 552779BB20437D5E0026D1C1 /* Node.cpp */; };
		55AA84BE2042359B00383A0F /* main.cpp in Sources */ = {isa = PBXBuildFile; fileRef = 55AA84BD2042359B00383A0F /* main.cpp */; };
		55AA84D4204244D300383A0F /* shader.cpp in Sources */ = {isa = PBXBuildFile; fileRef = 55AA84D0204244D300383A0F /* shader.cpp */; };
		55AA84D9204245E300383A0F /* shader.frag in CopyFiles */ = {isa = PBXBuildFile; fileRef = 55AA84D2204244D300383A0F /* shader.frag */; };
		55AA84DA204245E300383A0F /* shader.vert in CopyFiles */ = {isa = PBXBuildFile; fileRef = 55AA84D1204244D300383A0F /* shader.vert */; };
		55AA84DD204246BD00383A0F /* OBJObject.cpp in Sources */ = {isa = PBXBuildFile; fileRef = 55AA84DB204246BC00383A0F /* OBJObject.cpp */; };
		55AA84DF2042471900383A0F /* bunny.obj in CopyFiles */ = {isa = PBXBuildFile; fileRef = 55AA84DE2042471900383A0F /* bunny.obj */; };
		55AA84E32042543800383A0F /* Skybox.cpp in Sources */ = {isa = PBXBuildFile; fileRef = 55AA84E22042543800383A0F /* Skybox.cpp */; };
		55AA85072042912800383A0F /* OpenGL.framework in Frameworks */ = {isa = PBXBuildFile; fileRef = 55AA84C92042393B00383A0F /* OpenGL.framework */; };
		55AA85082042913B00383A0F /* libglfw.3.2.dylib in Frameworks */ = {isa = PBXBuildFile; fileRef = 55AA84CB204239DA00383A0F /* libglfw.3.2.dylib */; };
		55AA850A2042934E00383A0F /* skybox_shader.frag in CopyFiles */ = {isa = PBXBuildFile; fileRef = 55AA84E62042591400383A0F /* skybox_shader.frag */; };
		55AA850B2042934E00383A0F /* skybox_shader.vert in CopyFiles */ = {isa = PBXBuildFile; fileRef = 55AA84E72042591400383A0F /* skybox_shader.vert */; };
/* End PBXBuildFile section */

/* Begin PBXCopyFilesBuildPhase section */
		55AA84B82042359A00383A0F /* CopyFiles */ = {
			isa = PBXCopyFilesBuildPhase;
			buildActionMask = 12;
			dstPath = "";
			dstSubfolderSpec = 16;
			files = (
				552779B320437AC60026D1C1 /* bottom.jpg in CopyFiles */,
				552779B420437AC60026D1C1 /* back.jpg in CopyFiles */,
				552779B520437AC60026D1C1 /* top.jpg in CopyFiles */,
				552779B620437AC60026D1C1 /* left.jpg in CopyFiles */,
				552779B720437AC60026D1C1 /* front.jpg in CopyFiles */,
				552779B820437AC60026D1C1 /* right.jpg in CopyFiles */,
				55AA850A2042934E00383A0F /* skybox_shader.frag in CopyFiles */,
				55AA850B2042934E00383A0F /* skybox_shader.vert in CopyFiles */,
				55AA84DF2042471900383A0F /* bunny.obj in CopyFiles */,
				55AA84D9204245E300383A0F /* shader.frag in CopyFiles */,
				55AA84DA204245E300383A0F /* shader.vert in CopyFiles */,
			);
			runOnlyForDeploymentPostprocessing = 0;
		};
/* End PBXCopyFilesBuildPhase section */

/* Begin PBXFileReference section */
		55277994204298DE0026D1C1 /* stb_image.h */ = {isa = PBXFileReference; fileEncoding = 4; lastKnownFileType = sourcecode.c.h; path = stb_image.h; sourceTree = "<group>"; };
		552779AD20437AC50026D1C1 /* bottom.jpg */ = {isa = PBXFileReference; lastKnownFileType = image.jpeg; name = bottom.jpg; path = cse167_pa3/bottom.jpg; sourceTree = "<group>"; };
		552779AE20437AC50026D1C1 /* back.jpg */ = {isa = PBXFileReference; lastKnownFileType = image.jpeg; name = back.jpg; path = cse167_pa3/back.jpg; sourceTree = "<group>"; };
		552779AF20437AC50026D1C1 /* top.jpg */ = {isa = PBXFileReference; lastKnownFileType = image.jpeg; name = top.jpg; path = cse167_pa3/top.jpg; sourceTree = "<group>"; };
		552779B020437AC60026D1C1 /* left.jpg */ = {isa = PBXFileReference; lastKnownFileType = image.jpeg; name = left.jpg; path = cse167_pa3/left.jpg; sourceTree = "<group>"; };
		552779B120437AC60026D1C1 /* front.jpg */ = {isa = PBXFileReference; lastKnownFileType = image.jpeg; name = front.jpg; path = cse167_pa3/front.jpg; sourceTree = "<group>"; };
		552779B220437AC60026D1C1 /* right.jpg */ = {isa = PBXFileReference; lastKnownFileType = image.jpeg; name = right.jpg; path = cse167_pa3/right.jpg; sourceTree = "<group>"; };
		552779B920437AF20026D1C1 /* Window.cpp */ = {isa = PBXFileReference; fileEncoding = 4; lastKnownFileType = sourcecode.cpp.cpp; path = Window.cpp; sourceTree = "<group>"; };
		552779BB20437D5E0026D1C1 /* Node.cpp */ = {isa = PBXFileReference; lastKnownFileType = sourcecode.cpp.cpp; path = Node.cpp; sourceTree = "<group>"; };
		552779BC20437D5E0026D1C1 /* Node.h */ = {isa = PBXFileReference; lastKnownFileType = sourcecode.c.h; path = Node.h; sourceTree = "<group>"; };
		55AA84BA2042359B00383A0F /* cse167_pa3 */ = {isa = PBXFileReference; explicitFileType = "compiled.mach-o.executable"; includeInIndex = 0; path = cse167_pa3; sourceTree = BUILT_PRODUCTS_DIR; };
		55AA84BD2042359B00383A0F /* main.cpp */ = {isa = PBXFileReference; lastKnownFileType = sourcecode.cpp.cpp; path = main.cpp; sourceTree = "<group>"; };
		55AA84C52042380C00383A0F /* Window.h */ = {isa = PBXFileReference; fileEncoding = 4; lastKnownFileType = sourcecode.c.h; path = Window.h; sourceTree = "<group>"; };
		55AA84C62042380C00383A0F /* main.h */ = {isa = PBXFileReference; fileEncoding = 4; lastKnownFileType = sourcecode.c.h; path = main.h; sourceTree = "<group>"; };
		55AA84C92042393B00383A0F /* OpenGL.framework */ = {isa = PBXFileReference; lastKnownFileType = wrapper.framework; name = OpenGL.framework; path = System/Library/Frameworks/OpenGL.framework; sourceTree = SDKROOT; };
		55AA84CB204239DA00383A0F /* libglfw.3.2.dylib */ = {isa = PBXFileReference; lastKnownFileType = "compiled.mach-o.dylib"; name = libglfw.3.2.dylib; path = "../../../../Developer/glfw-3.2.1/src/libglfw.3.2.dylib"; sourceTree = "<group>"; };
		55AA84D0204244D300383A0F /* shader.cpp */ = {isa = PBXFileReference; fileEncoding = 4; lastKnownFileType = sourcecode.cpp.cpp; path = shader.cpp; sourceTree = "<group>"; };
		55AA84D1204244D300383A0F /* shader.vert */ = {isa = PBXFileReference; fileEncoding = 4; lastKnownFileType = sourcecode.glsl; path = shader.vert; sourceTree = "<group>"; };
		55AA84D2204244D300383A0F /* shader.frag */ = {isa = PBXFileReference; fileEncoding = 4; lastKnownFileType = sourcecode.glsl; path = shader.frag; sourceTree = "<group>"; };
		55AA84D3204244D300383A0F /* shader.h */ = {isa = PBXFileReference; fileEncoding = 4; lastKnownFileType = sourcecode.c.h; path = shader.h; sourceTree = "<group>"; };
		55AA84DB204246BC00383A0F /* OBJObject.cpp */ = {isa = PBXFileReference; fileEncoding = 4; lastKnownFileType = sourcecode.cpp.cpp; path = OBJObject.cpp; sourceTree = "<group>"; };
		55AA84DC204246BC00383A0F /* OBJObject.h */ = {isa = PBXFileReference; fileEncoding = 4; lastKnownFileType = sourcecode.c.h; path = OBJObject.h; sourceTree = "<group>"; };
		55AA84DE2042471900383A0F /* bunny.obj */ = {isa = PBXFileReference; lastKnownFileType = text; name = bunny.obj; path = cse167_pa3/bunny.obj; sourceTree = "<group>"; };
		55AA84E1204252DF00383A0F /* Skybox.h */ = {isa = PBXFileReference; lastKnownFileType = sourcecode.c.h; path = Skybox.h; sourceTree = "<group>"; };
		55AA84E22042543800383A0F /* Skybox.cpp */ = {isa = PBXFileReference; lastKnownFileType = sourcecode.cpp.cpp; name = Skybox.cpp; path = ../../../../../../../../cse167/cse167_pa3/cse167_pa3/Skybox.cpp; sourceTree = BUILT_PRODUCTS_DIR; };
		55AA84E62042591400383A0F /* skybox_shader.frag */ = {isa = PBXFileReference; fileEncoding = 4; lastKnownFileType = sourcecode.glsl; path = skybox_shader.frag; sourceTree = "<group>"; };
		55AA84E72042591400383A0F /* skybox_shader.vert */ = {isa = PBXFileReference; fileEncoding = 4; lastKnownFileType = sourcecode.glsl; path = skybox_shader.vert; sourceTree = "<group>"; };
/* End PBXFileReference section */

/* Begin PBXFrameworksBuildPhase section */
		55AA84B72042359A00383A0F /* Frameworks */ = {
			isa = PBXFrameworksBuildPhase;
			buildActionMask = 2147483647;
			files = (
				55AA85082042913B00383A0F /* libglfw.3.2.dylib in Frameworks */,
				55AA85072042912800383A0F /* OpenGL.framework in Frameworks */,
			);
			runOnlyForDeploymentPostprocessing = 0;
		};
/* End PBXFrameworksBuildPhase section */

/* Begin PBXGroup section */
		55AA84B12042359A00383A0F = {
			isa = PBXGroup;
			children = (
				552779AE20437AC50026D1C1 /* back.jpg */,
				552779AD20437AC50026D1C1 /* bottom.jpg */,
				552779B120437AC60026D1C1 /* front.jpg */,
				552779B020437AC60026D1C1 /* left.jpg */,
				552779B220437AC60026D1C1 /* right.jpg */,
				552779AF20437AC50026D1C1 /* top.jpg */,
				55AA84DE2042471900383A0F /* bunny.obj */,
				55AA84BC2042359B00383A0F /* cse167_pa3 */,
				55AA84BB2042359B00383A0F /* Products */,
				55AA84C82042393B00383A0F /* Frameworks */,
			);
			sourceTree = "<group>";
		};
		55AA84BB2042359B00383A0F /* Products */ = {
			isa = PBXGroup;
			children = (
				55AA84BA2042359B00383A0F /* cse167_pa3 */,
			);
			name = Products;
			sourceTree = "<group>";
		};
		55AA84BC2042359B00383A0F /* cse167_pa3 */ = {
			isa = PBXGroup;
			children = (
				552779B920437AF20026D1C1 /* Window.cpp */,
				55277994204298DE0026D1C1 /* stb_image.h */,
				55AA84E62042591400383A0F /* skybox_shader.frag */,
				55AA84E72042591400383A0F /* skybox_shader.vert */,
				55AA84DB204246BC00383A0F /* OBJObject.cpp */,
				55AA84DC204246BC00383A0F /* OBJObject.h */,
				55AA84D0204244D300383A0F /* shader.cpp */,
				55AA84D2204244D300383A0F /* shader.frag */,
				55AA84D3204244D300383A0F /* shader.h */,
				55AA84D1204244D300383A0F /* shader.vert */,
				55AA84C62042380C00383A0F /* main.h */,
				55AA84C52042380C00383A0F /* Window.h */,
				55AA84BD2042359B00383A0F /* main.cpp */,
				55AA84E1204252DF00383A0F /* Skybox.h */,
				55AA84E22042543800383A0F /* Skybox.cpp */,
				552779BB20437D5E0026D1C1 /* Node.cpp */,
				552779BC20437D5E0026D1C1 /* Node.h */,
			);
			path = cse167_pa3;
			sourceTree = "<group>";
		};
		55AA84C82042393B00383A0F /* Frameworks */ = {
			isa = PBXGroup;
			children = (
				55AA84CB204239DA00383A0F /* libglfw.3.2.dylib */,
				55AA84C92042393B00383A0F /* OpenGL.framework */,
			);
			name = Frameworks;
			sourceTree = "<group>";
		};
/* End PBXGroup section */

/* Begin PBXNativeTarget section */
		55AA84B92042359A00383A0F /* cse167_pa3 */ = {
			isa = PBXNativeTarget;
			buildConfigurationList = 55AA84C12042359B00383A0F /* Build configuration list for PBXNativeTarget "cse167_pa3" */;
			buildPhases = (
				55AA84B62042359A00383A0F /* Sources */,
				55AA84B72042359A00383A0F /* Frameworks */,
				55AA84B82042359A00383A0F /* CopyFiles */,
			);
			buildRules = (
			);
			dependencies = (
			);
			name = cse167_pa3;
			productName = cse167_pa3;
			productReference = 55AA84BA2042359B00383A0F /* cse167_pa3 */;
			productType = "com.apple.product-type.tool";
		};
/* End PBXNativeTarget section */

/* Begin PBXProject section */
		55AA84B22042359A00383A0F /* Project object */ = {
			isa = PBXProject;
			attributes = {
				LastUpgradeCheck = 0920;
				ORGANIZATIONNAME = "Eliott Ham";
				TargetAttributes = {
					55AA84B92042359A00383A0F = {
						CreatedOnToolsVersion = 9.2;
						ProvisioningStyle = Automatic;
					};
				};
			};
			buildConfigurationList = 55AA84B52042359A00383A0F /* Build configuration list for PBXProject "cse167_pa3" */;
			compatibilityVersion = "Xcode 8.0";
			developmentRegion = en;
			hasScannedForEncodings = 0;
			knownRegions = (
				en,
			);
			mainGroup = 55AA84B12042359A00383A0F;
			productRefGroup = 55AA84BB2042359B00383A0F /* Products */;
			projectDirPath = "";
			projectRoot = "";
			targets = (
				55AA84B92042359A00383A0F /* cse167_pa3 */,
			);
		};
/* End PBXProject section */

/* Begin PBXSourcesBuildPhase section */
		55AA84B62042359A00383A0F /* Sources */ = {
			isa = PBXSourcesBuildPhase;
			buildActionMask = 2147483647;
			files = (
				55AA84BE2042359B00383A0F /* main.cpp in Sources */,
				552779BA20437AF20026D1C1 /* Window.cpp in Sources */,
				55AA84D4204244D300383A0F /* shader.cpp in Sources */,
				552779BD20437D5E0026D1C1 /* Node.cpp in Sources */,
				55AA84DD204246BD00383A0F /* OBJObject.cpp in Sources */,
				55AA84E32042543800383A0F /* Skybox.cpp in Sources */,
			);
			runOnlyForDeploymentPostprocessing = 0;
		};
/* End PBXSourcesBuildPhase section */

/* Begin XCBuildConfiguration section */
		55AA84BF2042359B00383A0F /* Debug */ = {
			isa = XCBuildConfiguration;
			buildSettings = {
				ALWAYS_SEARCH_USER_PATHS = NO;
				CLANG_ANALYZER_NONNULL = YES;
				CLANG_ANALYZER_NUMBER_OBJECT_CONVERSION = YES_AGGRESSIVE;
				CLANG_CXX_LANGUAGE_STANDARD = "gnu++14";
				CLANG_CXX_LIBRARY = "libc++";
				CLANG_ENABLE_MODULES = YES;
				CLANG_ENABLE_OBJC_ARC = YES;
				CLANG_WARN_BLOCK_CAPTURE_AUTORELEASING = YES;
				CLANG_WARN_BOOL_CONVERSION = YES;
				CLANG_WARN_COMMA = YES;
				CLANG_WARN_CONSTANT_CONVERSION = YES;
				CLANG_WARN_DIRECT_OBJC_ISA_USAGE = YES_ERROR;
				CLANG_WARN_DOCUMENTATION_COMMENTS = YES;
				CLANG_WARN_EMPTY_BODY = YES;
				CLANG_WARN_ENUM_CONVERSION = YES;
				CLANG_WARN_INFINITE_RECURSION = YES;
				CLANG_WARN_INT_CONVERSION = YES;
				CLANG_WARN_NON_LITERAL_NULL_CONVERSION = YES;
				CLANG_WARN_OBJC_LITERAL_CONVERSION = YES;
				CLANG_WARN_OBJC_ROOT_CLASS = YES_ERROR;
				CLANG_WARN_RANGE_LOOP_ANALYSIS = YES;
				CLANG_WARN_STRICT_PROTOTYPES = YES;
				CLANG_WARN_SUSPICIOUS_MOVE = YES;
				CLANG_WARN_UNGUARDED_AVAILABILITY = YES_AGGRESSIVE;
				CLANG_WARN_UNREACHABLE_CODE = YES;
				CLANG_WARN__DUPLICATE_METHOD_MATCH = YES;
				CODE_SIGN_IDENTITY = "-";
				COPY_PHASE_STRIP = NO;
				DEBUG_INFORMATION_FORMAT = dwarf;
				ENABLE_STRICT_OBJC_MSGSEND = YES;
				ENABLE_TESTABILITY = YES;
				GCC_C_LANGUAGE_STANDARD = gnu11;
				GCC_DYNAMIC_NO_PIC = NO;
				GCC_NO_COMMON_BLOCKS = YES;
				GCC_OPTIMIZATION_LEVEL = 0;
				GCC_PREPROCESSOR_DEFINITIONS = (
					"DEBUG=1",
					"$(inherited)",
				);
				GCC_WARN_64_TO_32_BIT_CONVERSION = YES;
				GCC_WARN_ABOUT_RETURN_TYPE = YES_ERROR;
				GCC_WARN_UNDECLARED_SELECTOR = YES;
				GCC_WARN_UNINITIALIZED_AUTOS = YES_AGGRESSIVE;
				GCC_WARN_UNUSED_FUNCTION = YES;
				GCC_WARN_UNUSED_VARIABLE = YES;
				MACOSX_DEPLOYMENT_TARGET = 10.13;
				MTL_ENABLE_DEBUG_INFO = YES;
				ONLY_ACTIVE_ARCH = YES;
				SDKROOT = macosx;
			};
			name = Debug;
		};
		55AA84C02042359B00383A0F /* Release */ = {
			isa = XCBuildConfiguration;
			buildSettings = {
				ALWAYS_SEARCH_USER_PATHS = NO;
				CLANG_ANALYZER_NONNULL = YES;
				CLANG_ANALYZER_NUMBER_OBJECT_CONVERSION = YES_AGGRESSIVE;
				CLANG_CXX_LANGUAGE_STANDARD = "gnu++14";
				CLANG_CXX_LIBRARY = "libc++";
				CLANG_ENABLE_MODULES = YES;
				CLANG_ENABLE_OBJC_ARC = YES;
				CLANG_WARN_BLOCK_CAPTURE_AUTORELEASING = YES;
				CLANG_WARN_BOOL_CONVERSION = YES;
				CLANG_WARN_COMMA = YES;
				CLANG_WARN_CONSTANT_CONVERSION = YES;
				CLANG_WARN_DIRECT_OBJC_ISA_USAGE = YES_ERROR;
				CLANG_WARN_DOCUMENTATION_COMMENTS = YES;
				CLANG_WARN_EMPTY_BODY = YES;
				CLANG_WARN_ENUM_CONVERSION = YES;
				CLANG_WARN_INFINITE_RECURSION = YES;
				CLANG_WARN_INT_CONVERSION = YES;
				CLANG_WARN_NON_LITERAL_NULL_CONVERSION = YES;
				CLANG_WARN_OBJC_LITERAL_CONVERSION = YES;
				CLANG_WARN_OBJC_ROOT_CLASS = YES_ERROR;
				CLANG_WARN_RANGE_LOOP_ANALYSIS = YES;
				CLANG_WARN_STRICT_PROTOTYPES = YES;
				CLANG_WARN_SUSPICIOUS_MOVE = YES;
				CLANG_WARN_UNGUARDED_AVAILABILITY = YES_AGGRESSIVE;
				CLANG_WARN_UNREACHABLE_CODE = YES;
				CLANG_WARN__DUPLICATE_METHOD_MATCH = YES;
				CODE_SIGN_IDENTITY = "-";
				COPY_PHASE_STRIP = NO;
				DEBUG_INFORMATION_FORMAT = "dwarf-with-dsym";
				ENABLE_NS_ASSERTIONS = NO;
				ENABLE_STRICT_OBJC_MSGSEND = YES;
				GCC_C_LANGUAGE_STANDARD = gnu11;
				GCC_NO_COMMON_BLOCKS = YES;
				GCC_WARN_64_TO_32_BIT_CONVERSION = YES;
				GCC_WARN_ABOUT_RETURN_TYPE = YES_ERROR;
				GCC_WARN_UNDECLARED_SELECTOR = YES;
				GCC_WARN_UNINITIALIZED_AUTOS = YES_AGGRESSIVE;
				GCC_WARN_UNUSED_FUNCTION = YES;
				GCC_WARN_UNUSED_VARIABLE = YES;
				MACOSX_DEPLOYMENT_TARGET = 10.13;
				MTL_ENABLE_DEBUG_INFO = NO;
				SDKROOT = macosx;
			};
			name = Release;
		};
		55AA84C22042359B00383A0F /* Debug */ = {
			isa = XCBuildConfiguration;
			buildSettings = {
				CLANG_WARN_DOCUMENTATION_COMMENTS = NO;
				CODE_SIGN_STYLE = Automatic;
				HEADER_SEARCH_PATHS = (
					"${inherited}",
					"/Developer/glfw-3.2.1/include",
					/Developer/glm,
				);
				LIBRARY_SEARCH_PATHS = (
					"${inherited}",
					"/Developer/glfw-3.2.1/src",
				);
				PRODUCT_NAME = "$(TARGET_NAME)";
			};
			name = Debug;
		};
		55AA84C32042359B00383A0F /* Release */ = {
			isa = XCBuildConfiguration;
			buildSettings = {
				CLANG_WARN_DOCUMENTATION_COMMENTS = NO;
				CODE_SIGN_STYLE = Automatic;
				HEADER_SEARCH_PATHS = (
					"${inherited}",
					"/Developer/glfw-3.2.1/include",
					/Developer/glm,
				);
				LIBRARY_SEARCH_PATHS = (
					"${inherited}",
					"/Developer/glfw-3.2.1/src",
				);
				PRODUCT_NAME = "$(TARGET_NAME)";
			};
			name = Release;
		};
/* End XCBuildConfiguration section */

/* Begin XCConfigurationList section */
		55AA84B52042359A00383A0F /* Build configuration list for PBXProject "cse167_pa3" */ = {
			isa = XCConfigurationList;
			buildConfigurations = (
				55AA84BF2042359B00383A0F /* Debug */,
				55AA84C02042359B00383A0F /* Release */,
			);
			defaultConfigurationIsVisible = 0;
			defaultConfigurationName = Release;
		};
		55AA84C12042359B00383A0F /* Build configuration list for PBXNativeTarget "cse167_pa3" */ = {
			isa = XCConfigurationList;
			buildConfigurations = (
				55AA84C22042359B00383A0F /* Debug */,
				55AA84C32042359B00383A0F /* Release */,
			);
			defaultConfigurationIsVisible = 0;
			defaultConfigurationName = Release;
		};
/* End XCConfigurationList section */
	};
	rootObject = 55AA84B22042359A00383A0F /* Project object */;
}
